
Microsoft Visual Studio Solution File, Format Version 12.00
# Visual Studio Version 17
VisualStudioVersion = 17.6.33723.286
MinimumVisualStudioVersion = 10.0.40219.1
Project("{9A19103F-16F7-4668-BE54-9A1E7A4F7556}") = "Lab02-bank account", "Lab02-bank account\Lab02-bank account.csproj", "{700C01FB-A7A4-4B44-8FB3-262922B9F748}"
EndProject
Project("{FAE04EC0-301F-11D3-BF4B-00C04F79EFBC}") = "bank-testing", "bank-testing\bank-testing.csproj", "{64F60499-A083-4FE1-8A67-76CF9C482D5B}"
EndProject
Global
	GlobalSection(SolutionConfigurationPlatforms) = preSolution
		Debug|Any CPU = Debug|Any CPU
		Release|Any CPU = Release|Any CPU
	EndGlobalSection
	GlobalSection(ProjectConfigurationPlatforms) = postSolution
		{700C01FB-A7A4-4B44-8FB3-262922B9F748}.Debug|Any CPU.ActiveCfg = Debug|Any CPU
		{700C01FB-A7A4-4B44-8FB3-262922B9F748}.Debug|Any CPU.Build.0 = Debug|Any CPU
		{700C01FB-A7A4-4B44-8FB3-262922B9F748}.Release|Any CPU.ActiveCfg = Release|Any CPU
		{700C01FB-A7A4-4B44-8FB3-262922B9F748}.Release|Any CPU.Build.0 = Release|Any CPU
		{64F60499-A083-4FE1-8A67-76CF9C482D5B}.Debug|Any CPU.ActiveCfg = Debug|Any CPU
		{64F60499-A083-4FE1-8A67-76CF9C482D5B}.Debug|Any CPU.Build.0 = Debug|Any CPU
		{64F60499-A083-4FE1-8A67-76CF9C482D5B}.Release|Any CPU.ActiveCfg = Release|Any CPU
		{64F60499-A083-4FE1-8A67-76CF9C482D5B}.Release|Any CPU.Build.0 = Release|Any CPU
	EndGlobalSection
	GlobalSection(SolutionProperties) = preSolution
		HideSolutionNode = FALSE
	EndGlobalSection
	GlobalSection(ExtensibilityGlobals) = postSolution
		SolutionGuid = {6512282B-D3C5-4392-ACB2-1F671D1BD272}
	EndGlobalSection
EndGlobal
